
Microsoft Visual Studio Solution File, Format Version 12.00
# Visual Studio Version 16
VisualStudioVersion = 16.0.29020.237
MinimumVisualStudioVersion = 10.0.40219.1
Project("{FAE04EC0-301F-11D3-BF4B-00C04F79EFBC}") = "SanalKlavye", "SanalKlavye\SanalKlavye.csproj", "{D8F5830F-549E-4591-B754-26B380D0539B}"
EndProject
Global
	GlobalSection(SolutionConfigurationPlatforms) = preSolution
		Debug|Any CPU = Debug|Any CPU
		Release|Any CPU = Release|Any CPU
	EndGlobalSection
	GlobalSection(ProjectConfigurationPlatforms) = postSolution
		{D8F5830F-549E-4591-B754-26B380D0539B}.Debug|Any CPU.ActiveCfg = Debug|Any CPU
		{D8F5830F-549E-4591-B754-26B380D0539B}.Debug|Any CPU.Build.0 = Debug|Any CPU
		{D8F5830F-549E-4591-B754-26B380D0539B}.Release|Any CPU.ActiveCfg = Release|Any CPU
		{D8F5830F-549E-4591-B754-26B380D0539B}.Release|Any CPU.Build.0 = Release|Any CPU
	EndGlobalSection
	GlobalSection(SolutionProperties) = preSolution
		HideSolutionNode = FALSE
	EndGlobalSection
	GlobalSection(ExtensibilityGlobals) = postSolution
		SolutionGuid = {AF89A459-E972-4207-9E82-9EF438F55368}
	EndGlobalSection
EndGlobal
